// !$*UTF8*$!
{
	archiveVersion = 1;
	classes = {
	};
	objectVersion = 50;
	objects = {

/* Begin PBXBuildFile section */
		D394CBE3239C093F0035D3BB /* Article.swift in Sources */ = {isa = PBXBuildFile; fileRef = D394CBE2239C093F0035D3BB /* Article.swift */; };
		D394CBE5239C10440035D3BB /* NewsData.swift in Sources */ = {isa = PBXBuildFile; fileRef = D394CBE4239C10440035D3BB /* NewsData.swift */; };
		D394CBE7239C116A0035D3BB /* config.swift in Sources */ = {isa = PBXBuildFile; fileRef = D394CBE6239C116A0035D3BB /* config.swift */; };
		D394CBE9239D37160035D3BB /* TableViewController.swift in Sources */ = {isa = PBXBuildFile; fileRef = D394CBE8239D37160035D3BB /* TableViewController.swift */; };
		D394CBEB239D4A0F0035D3BB /* ViewController.swift in Sources */ = {isa = PBXBuildFile; fileRef = D394CBEA239D4A0F0035D3BB /* ViewController.swift */; };
		D394CBED239D68540035D3BB /* PageViewController.swift in Sources */ = {isa = PBXBuildFile; fileRef = D394CBEC239D68540035D3BB /* PageViewController.swift */; };
		D394CBEF239EBB4D0035D3BB /* TableViewCell.swift in Sources */ = {isa = PBXBuildFile; fileRef = D394CBEE239EBB4A0035D3BB /* TableViewCell.swift */; };
		D3EE4E10239ABBA8001B5231 /* AppDelegate.swift in Sources */ = {isa = PBXBuildFile; fileRef = D3EE4E0F239ABBA8001B5231 /* AppDelegate.swift */; };
		D3EE4E12239ABBA8001B5231 /* SceneDelegate.swift in Sources */ = {isa = PBXBuildFile; fileRef = D3EE4E11239ABBA8001B5231 /* SceneDelegate.swift */; };
		D3EE4E17239ABBA8001B5231 /* Main.storyboard in Resources */ = {isa = PBXBuildFile; fileRef = D3EE4E15239ABBA8001B5231 /* Main.storyboard */; };
		D3EE4E19239ABC4C001B5231 /* Assets.xcassets in Resources */ = {isa = PBXBuildFile; fileRef = D3EE4E18239ABC4C001B5231 /* Assets.xcassets */; };
		D3EE4E1C239ABC4C001B5231 /* LaunchScreen.storyboard in Resources */ = {isa = PBXBuildFile; fileRef = D3EE4E1A239ABC4C001B5231 /* LaunchScreen.storyboard */; };
/* End PBXBuildFile section */

/* Begin PBXFileReference section */
		D394CBE2239C093F0035D3BB /* Article.swift */ = {isa = PBXFileReference; lastKnownFileType = sourcecode.swift; path = Article.swift; sourceTree = "<group>"; };
		D394CBE4239C10440035D3BB /* NewsData.swift */ = {isa = PBXFileReference; lastKnownFileType = sourcecode.swift; path = NewsData.swift; sourceTree = "<group>"; };
		D394CBE6239C116A0035D3BB /* config.swift */ = {isa = PBXFileReference; lastKnownFileType = sourcecode.swift; path = config.swift; sourceTree = "<group>"; };
		D394CBE8239D37160035D3BB /* TableViewController.swift */ = {isa = PBXFileReference; lastKnownFileType = sourcecode.swift; path = TableViewController.swift; sourceTree = "<group>"; };
		D394CBEA239D4A0F0035D3BB /* ViewController.swift */ = {isa = PBXFileReference; lastKnownFileType = sourcecode.swift; path = ViewController.swift; sourceTree = "<group>"; };
		D394CBEC239D68540035D3BB /* PageViewController.swift */ = {isa = PBXFileReference; lastKnownFileType = sourcecode.swift; path = PageViewController.swift; sourceTree = "<group>"; };
		D394CBEE239EBB4A0035D3BB /* TableViewCell.swift */ = {isa = PBXFileReference; lastKnownFileType = sourcecode.swift; path = TableViewCell.swift; sourceTree = "<group>"; };
		D3EE4E0C239ABBA8001B5231 /* NewsApp.app */ = {isa = PBXFileReference; explicitFileType = wrapper.application; includeInIndex = 0; path = NewsApp.app; sourceTree = BUILT_PRODUCTS_DIR; };
		D3EE4E0F239ABBA8001B5231 /* AppDelegate.swift */ = {isa = PBXFileReference; lastKnownFileType = sourcecode.swift; path = AppDelegate.swift; sourceTree = "<group>"; };
		D3EE4E11239ABBA8001B5231 /* SceneDelegate.swift */ = {isa = PBXFileReference; lastKnownFileType = sourcecode.swift; path = SceneDelegate.swift; sourceTree = "<group>"; };
		D3EE4E16239ABBA8001B5231 /* Base */ = {isa = PBXFileReference; lastKnownFileType = file.storyboard; name = Base; path = Base.lproj/Main.storyboard; sourceTree = "<group>"; };
		D3EE4E18239ABC4C001B5231 /* Assets.xcassets */ = {isa = PBXFileReference; lastKnownFileType = folder.assetcatalog; path = Assets.xcassets; sourceTree = "<group>"; };
		D3EE4E1B239ABC4C001B5231 /* Base */ = {isa = PBXFileReference; lastKnownFileType = file.storyboard; name = Base; path = Base.lproj/LaunchScreen.storyboard; sourceTree = "<group>"; };
		D3EE4E1D239ABC4C001B5231 /* Info.plist */ = {isa = PBXFileReference; lastKnownFileType = text.plist.xml; path = Info.plist; sourceTree = "<group>"; };
/* End PBXFileReference section */

/* Begin PBXFrameworksBuildPhase section */
		D3EE4E09239ABBA7001B5231 /* Frameworks */ = {
			isa = PBXFrameworksBuildPhase;
			buildActionMask = 2147483647;
			files = (
			);
			runOnlyForDeploymentPostprocessing = 0;
		};
/* End PBXFrameworksBuildPhase section */

/* Begin PBXGroup section */
		D394CBDF239BF85D0035D3BB /* Support */ = {
			isa = PBXGroup;
			children = (
				D3EE4E0F239ABBA8001B5231 /* AppDelegate.swift */,
				D3EE4E11239ABBA8001B5231 /* SceneDelegate.swift */,
				D3EE4E18239ABC4C001B5231 /* Assets.xcassets */,
			);
			path = Support;
			sourceTree = "<group>";
		};
		D394CBE0239BF8BB0035D3BB /* Presenter */ = {
			isa = PBXGroup;
			children = (
				D3EE4E15239ABBA8001B5231 /* Main.storyboard */,
				D3EE4E1A239ABC4C001B5231 /* LaunchScreen.storyboard */,
				D394CBEE239EBB4A0035D3BB /* TableViewCell.swift */,
				D394CBE8239D37160035D3BB /* TableViewController.swift */,
				D394CBEA239D4A0F0035D3BB /* ViewController.swift */,
				D394CBEC239D68540035D3BB /* PageViewController.swift */,
			);
			path = Presenter;
			sourceTree = "<group>";
		};
		D394CBE1239BF8FA0035D3BB /* Models */ = {
			isa = PBXGroup;
			children = (
				D394CBE2239C093F0035D3BB /* Article.swift */,
				D394CBE4239C10440035D3BB /* NewsData.swift */,
				D394CBE6239C116A0035D3BB /* config.swift */,
			);
			path = Models;
			sourceTree = "<group>";
		};
		D3EE4E03239ABBA7001B5231 = {
			isa = PBXGroup;
			children = (
				D3EE4E0E239ABBA8001B5231 /* NewsApp */,
				D3EE4E0D239ABBA8001B5231 /* Products */,
			);
			sourceTree = "<group>";
		};
		D3EE4E0D239ABBA8001B5231 /* Products */ = {
			isa = PBXGroup;
			children = (
				D3EE4E0C239ABBA8001B5231 /* NewsApp.app */,
			);
			name = Products;
			sourceTree = "<group>";
		};
		D3EE4E0E239ABBA8001B5231 /* NewsApp */ = {
			isa = PBXGroup;
			children = (
				D394CBDF239BF85D0035D3BB /* Support */,
				D394CBE1239BF8FA0035D3BB /* Models */,
				D394CBE0239BF8BB0035D3BB /* Presenter */,
				D3EE4E1D239ABC4C001B5231 /* Info.plist */,
			);
			path = NewsApp;
			sourceTree = "<group>";
		};
/* End PBXGroup section */

/* Begin PBXNativeTarget section */
		D3EE4E0B239ABBA7001B5231 /* NewsApp */ = {
			isa = PBXNativeTarget;
			buildConfigurationList = D3EE4E20239ABC4C001B5231 /* Build configuration list for PBXNativeTarget "NewsApp" */;
			buildPhases = (
				D3EE4E08239ABBA7001B5231 /* Sources */,
				D3EE4E09239ABBA7001B5231 /* Frameworks */,
				D3EE4E0A239ABBA7001B5231 /* Resources */,
			);
			buildRules = (
			);
			dependencies = (
			);
			name = NewsApp;
			productName = NewsApp;
			productReference = D3EE4E0C239ABBA8001B5231 /* NewsApp.app */;
			productType = "com.apple.product-type.application";
		};
/* End PBXNativeTarget section */

/* Begin PBXProject section */
		D3EE4E04239ABBA7001B5231 /* Project object */ = {
			isa = PBXProject;
			attributes = {
				LastSwiftUpdateCheck = 1110;
				LastUpgradeCheck = 1110;
				ORGANIZATIONNAME = "Victor Smirnov";
				TargetAttributes = {
					D3EE4E0B239ABBA7001B5231 = {
						CreatedOnToolsVersion = 11.1;
					};
				};
			};
			buildConfigurationList = D3EE4E07239ABBA7001B5231 /* Build configuration list for PBXProject "NewsApp" */;
			compatibilityVersion = "Xcode 9.3";
			developmentRegion = en;
			hasScannedForEncodings = 0;
			knownRegions = (
				en,
				Base,
			);
			mainGroup = D3EE4E03239ABBA7001B5231;
			productRefGroup = D3EE4E0D239ABBA8001B5231 /* Products */;
			projectDirPath = "";
			projectRoot = "";
			targets = (
				D3EE4E0B239ABBA7001B5231 /* NewsApp */,
			);
		};
/* End PBXProject section */

/* Begin PBXResourcesBuildPhase section */
		D3EE4E0A239ABBA7001B5231 /* Resources */ = {
			isa = PBXResourcesBuildPhase;
			buildActionMask = 2147483647;
			files = (
				D3EE4E1C239ABC4C001B5231 /* LaunchScreen.storyboard in Resources */,
				D3EE4E19239ABC4C001B5231 /* Assets.xcassets in Resources */,
				D3EE4E17239ABBA8001B5231 /* Main.storyboard in Resources */,
			);
			runOnlyForDeploymentPostprocessing = 0;
		};
/* End PBXResourcesBuildPhase section */

/* Begin PBXSourcesBuildPhase section */
		D3EE4E08239ABBA7001B5231 /* Sources */ = {
			isa = PBXSourcesBuildPhase;
			buildActionMask = 2147483647;
			files = (
				D394CBE3239C093F0035D3BB /* Article.swift in Sources */,
				D394CBE9239D37160035D3BB /* TableViewController.swift in Sources */,
				D3EE4E10239ABBA8001B5231 /* AppDelegate.swift in Sources */,
				D394CBEF239EBB4D0035D3BB /* TableViewCell.swift in Sources */,
				D394CBE7239C116A0035D3BB /* config.swift in Sources */,
				D394CBEB239D4A0F0035D3BB /* ViewController.swift in Sources */,
				D3EE4E12239ABBA8001B5231 /* SceneDelegate.swift in Sources */,
				D394CBE5239C10440035D3BB /* NewsData.swift in Sources */,
				D394CBED239D68540035D3BB /* PageViewController.swift in Sources */,
			);
			runOnlyForDeploymentPostprocessing = 0;
		};
/* End PBXSourcesBuildPhase section */

/* Begin PBXVariantGroup section */
		D3EE4E15239ABBA8001B5231 /* Main.storyboard */ = {
			isa = PBXVariantGroup;
			children = (
				D3EE4E16239ABBA8001B5231 /* Base */,
			);
			name = Main.storyboard;
			sourceTree = "<group>";
		};
		D3EE4E1A239ABC4C001B5231 /* LaunchScreen.storyboard */ = {
			isa = PBXVariantGroup;
			children = (
				D3EE4E1B239ABC4C001B5231 /* Base */,
			);
			name = LaunchScreen.storyboard;
			sourceTree = "<group>";
		};
/* End PBXVariantGroup section */

/* Begin XCBuildConfiguration section */
		D3EE4E1E239ABC4C001B5231 /* Debug */ = {
			isa = XCBuildConfiguration;
			buildSettings = {
				ALWAYS_SEARCH_USER_PATHS = NO;
				CLANG_ANALYZER_NONNULL = YES;
				CLANG_ANALYZER_NUMBER_OBJECT_CONVERSION = YES_AGGRESSIVE;
				CLANG_CXX_LANGUAGE_STANDARD = "gnu++14";
				CLANG_CXX_LIBRARY = "libc++";
				CLANG_ENABLE_MODULES = YES;
				CLANG_ENABLE_OBJC_ARC = YES;
				CLANG_ENABLE_OBJC_WEAK = YES;
				CLANG_WARN_BLOCK_CAPTURE_AUTORELEASING = YES;
				CLANG_WARN_BOOL_CONVERSION = YES;
				CLANG_WARN_COMMA = YES;
				CLANG_WARN_CONSTANT_CONVERSION = YES;
				CLANG_WARN_DEPRECATED_OBJC_IMPLEMENTATIONS = YES;
				CLANG_WARN_DIRECT_OBJC_ISA_USAGE = YES_ERROR;
				CLANG_WARN_DOCUMENTATION_COMMENTS = YES;
				CLANG_WARN_EMPTY_BODY = YES;
				CLANG_WARN_ENUM_CONVERSION = YES;
				CLANG_WARN_INFINITE_RECURSION = YES;
				CLANG_WARN_INT_CONVERSION = YES;
				CLANG_WARN_NON_LITERAL_NULL_CONVERSION = YES;
				CLANG_WARN_OBJC_IMPLICIT_RETAIN_SELF = YES;
				CLANG_WARN_OBJC_LITERAL_CONVERSION = YES;
				CLANG_WARN_OBJC_ROOT_CLASS = YES_ERROR;
				CLANG_WARN_RANGE_LOOP_ANALYSIS = YES;
				CLANG_WARN_STRICT_PROTOTYPES = YES;
				CLANG_WARN_SUSPICIOUS_MOVE = YES;
				CLANG_WARN_UNGUARDED_AVAILABILITY = YES_AGGRESSIVE;
				CLANG_WARN_UNREACHABLE_CODE = YES;
				CLANG_WARN__DUPLICATE_METHOD_MATCH = YES;
				COPY_PHASE_STRIP = NO;
				DEBUG_INFORMATION_FORMAT = dwarf;
				ENABLE_STRICT_OBJC_MSGSEND = YES;
				ENABLE_TESTABILITY = YES;
				GCC_C_LANGUAGE_STANDARD = gnu11;
				GCC_DYNAMIC_NO_PIC = NO;
				GCC_NO_COMMON_BLOCKS = YES;
				GCC_OPTIMIZATION_LEVEL = 0;
				GCC_PREPROCESSOR_DEFINITIONS = (
					"DEBUG=1",
					"$(inherited)",
				);
				GCC_WARN_64_TO_32_BIT_CONVERSION = YES;
				GCC_WARN_ABOUT_RETURN_TYPE = YES_ERROR;
				GCC_WARN_UNDECLARED_SELECTOR = YES;
				GCC_WARN_UNINITIALIZED_AUTOS = YES_AGGRESSIVE;
				GCC_WARN_UNUSED_FUNCTION = YES;
				GCC_WARN_UNUSED_VARIABLE = YES;
				IPHONEOS_DEPLOYMENT_TARGET = 13.1;
				MTL_ENABLE_DEBUG_INFO = INCLUDE_SOURCE;
				MTL_FAST_MATH = YES;
				ONLY_ACTIVE_ARCH = YES;
				SDKROOT = iphoneos;
				SWIFT_ACTIVE_COMPILATION_CONDITIONS = DEBUG;
				SWIFT_OPTIMIZATION_LEVEL = "-Onone";
			};
			name = Debug;
		};
		D3EE4E1F239ABC4C001B5231 /* Release */ = {
			isa = XCBuildConfiguration;
			buildSettings = {
				ALWAYS_SEARCH_USER_PATHS = NO;
				CLANG_ANALYZER_NONNULL = YES;
				CLANG_ANALYZER_NUMBER_OBJECT_CONVERSION = YES_AGGRESSIVE;
				CLANG_CXX_LANGUAGE_STANDARD = "gnu++14";
				CLANG_CXX_LIBRARY = "libc++";
				CLANG_ENABLE_MODULES = YES;
				CLANG_ENABLE_OBJC_ARC = YES;
				CLANG_ENABLE_OBJC_WEAK = YES;
				CLANG_WARN_BLOCK_CAPTURE_AUTORELEASING = YES;
				CLANG_WARN_BOOL_CONVERSION = YES;
				CLANG_WARN_COMMA = YES;
				CLANG_WARN_CONSTANT_CONVERSION = YES;
				CLANG_WARN_DEPRECATED_OBJC_IMPLEMENTATIONS = YES;
				CLANG_WARN_DIRECT_OBJC_ISA_USAGE = YES_ERROR;
				CLANG_WARN_DOCUMENTATION_COMMENTS = YES;
				CLANG_WARN_EMPTY_BODY = YES;
				CLANG_WARN_ENUM_CONVERSION = YES;
				CLANG_WARN_INFINITE_RECURSION = YES;
				CLANG_WARN_INT_CONVERSION = YES;
				CLANG_WARN_NON_LITERAL_NULL_CONVERSION = YES;
				CLANG_WARN_OBJC_IMPLICIT_RETAIN_SELF = YES;
				CLANG_WARN_OBJC_LITERAL_CONVERSION = YES;
				CLANG_WARN_OBJC_ROOT_CLASS = YES_ERROR;
				CLANG_WARN_RANGE_LOOP_ANALYSIS = YES;
				CLANG_WARN_STRICT_PROTOTYPES = YES;
				CLANG_WARN_SUSPICIOUS_MOVE = YES;
				CLANG_WARN_UNGUARDED_AVAILABILITY = YES_AGGRESSIVE;
				CLANG_WARN_UNREACHABLE_CODE = YES;
				CLANG_WARN__DUPLICATE_METHOD_MATCH = YES;
				COPY_PHASE_STRIP = NO;
				DEBUG_INFORMATION_FORMAT = "dwarf-with-dsym";
				ENABLE_NS_ASSERTIONS = NO;
				ENABLE_STRICT_OBJC_MSGSEND = YES;
				GCC_C_LANGUAGE_STANDARD = gnu11;
				GCC_NO_COMMON_BLOCKS = YES;
				GCC_WARN_64_TO_32_BIT_CONVERSION = YES;
				GCC_WARN_ABOUT_RETURN_TYPE = YES_ERROR;
				GCC_WARN_UNDECLARED_SELECTOR = YES;
				GCC_WARN_UNINITIALIZED_AUTOS = YES_AGGRESSIVE;
				GCC_WARN_UNUSED_FUNCTION = YES;
				GCC_WARN_UNUSED_VARIABLE = YES;
				IPHONEOS_DEPLOYMENT_TARGET = 13.1;
				MTL_ENABLE_DEBUG_INFO = NO;
				MTL_FAST_MATH = YES;
				SDKROOT = iphoneos;
				SWIFT_COMPILATION_MODE = wholemodule;
				SWIFT_OPTIMIZATION_LEVEL = "-O";
				VALIDATE_PRODUCT = YES;
			};
			name = Release;
		};
		D3EE4E21239ABC4C001B5231 /* Debug */ = {
			isa = XCBuildConfiguration;
			buildSettings = {
				ASSETCATALOG_COMPILER_APPICON_NAME = AppIcon;
				CODE_SIGN_STYLE = Automatic;
				DEVELOPMENT_TEAM = T72DS9GRKF;
				INFOPLIST_FILE = NewsApp/Info.plist;
				LD_RUNPATH_SEARCH_PATHS = (
					"$(inherited)",
					"@executable_path/Frameworks",
				);
				PRODUCT_BUNDLE_IDENTIFIER = vs.NewsApp;
				PRODUCT_NAME = "$(TARGET_NAME)";
				SWIFT_VERSION = 5.0;
				TARGETED_DEVICE_FAMILY = "1,2";
			};
			name = Debug;
		};
		D3EE4E22239ABC4C001B5231 /* Release */ = {
			isa = XCBuildConfiguration;
			buildSettings = {
				ASSETCATALOG_COMPILER_APPICON_NAME = AppIcon;
				CODE_SIGN_STYLE = Automatic;
				DEVELOPMENT_TEAM = T72DS9GRKF;
				INFOPLIST_FILE = NewsApp/Info.plist;
				LD_RUNPATH_SEARCH_PATHS = (
					"$(inherited)",
					"@executable_path/Frameworks",
				);
				PRODUCT_BUNDLE_IDENTIFIER = vs.NewsApp;
				PRODUCT_NAME = "$(TARGET_NAME)";
				SWIFT_VERSION = 5.0;
				TARGETED_DEVICE_FAMILY = "1,2";
			};
			name = Release;
		};
/* End XCBuildConfiguration section */

/* Begin XCConfigurationList section */
		D3EE4E07239ABBA7001B5231 /* Build configuration list for PBXProject "NewsApp" */ = {
			isa = XCConfigurationList;
			buildConfigurations = (
				D3EE4E1E239ABC4C001B5231 /* Debug */,
				D3EE4E1F239ABC4C001B5231 /* Release */,
			);
			defaultConfigurationIsVisible = 0;
			defaultConfigurationName = Release;
		};
		D3EE4E20239ABC4C001B5231 /* Build configuration list for PBXNativeTarget "NewsApp" */ = {
			isa = XCConfigurationList;
			buildConfigurations = (
				D3EE4E21239ABC4C001B5231 /* Debug */,
				D3EE4E22239ABC4C001B5231 /* Release */,
			);
			defaultConfigurationIsVisible = 0;
			defaultConfigurationName = Release;
		};
/* End XCConfigurationList section */
	};
	rootObject = D3EE4E04239ABBA7001B5231 /* Project object */;
}
